
Microsoft Visual Studio Solution File, Format Version 12.00
# Visual Studio Version 17
VisualStudioVersion = 17.0.31903.59
MinimumVisualStudioVersion = 10.0.40219.1
Project("{9A19103F-16F7-4668-BE54-9A1E7A4F7556}") = "BuberDinner.Api", "BuberDinner.Api\BuberDinner.Api.csproj", "{DB54C816-94D8-4F60-B50F-53263F369A32}"
EndProject
Project("{9A19103F-16F7-4668-BE54-9A1E7A4F7556}") = "BuberDinner.Application", "BuberDinner.Application\BuberDinner.Application.csproj", "{C16A3F6B-C13A-4422-A59C-872799FD9DE8}"
EndProject
Project("{9A19103F-16F7-4668-BE54-9A1E7A4F7556}") = "BuberDinner.Contracts", "BuberDinner.Contracts\BuberDinner.Contracts.csproj", "{C0E7F6AB-D6A8-4E42-9972-673365B1C920}"
EndProject
Project("{9A19103F-16F7-4668-BE54-9A1E7A4F7556}") = "BuberDinner.Domain", "BuberDinner.Domain\BuberDinner.Domain.csproj", "{FEAF349A-F938-453D-8F35-81698131A71C}"
EndProject
Project("{9A19103F-16F7-4668-BE54-9A1E7A4F7556}") = "BuberDinner.Infrastructure", "BuberDinner.Infrastructure\BuberDinner.Infrastructure.csproj", "{973ACC17-567F-4A54-B1F9-B1201C3358F4}"
EndProject
Project("{2150E333-8FDC-42A3-9474-1A3956D46DE8}") = "Requests", "Requests", "{EA8F578F-C6AC-4EC2-9E38-D6AF31169C1A}"
EndProject
Project("{2150E333-8FDC-42A3-9474-1A3956D46DE8}") = "Authentication", "Authentication", "{4AC2DBC6-80A6-4324-8C31-FC015FCBCC3F}"
	ProjectSection(SolutionItems) = preProject
		Requests\Authentication\Login.http = Requests\Authentication\Login.http
		Requests\Authentication\Register.http = Requests\Authentication\Register.http
	EndProjectSection
EndProject
Project("{2150E333-8FDC-42A3-9474-1A3956D46DE8}") = "Docs", "Docs", "{A9B18C6A-D7E1-4D84-8F07-CABCD1902281}"
EndProject
Project("{2150E333-8FDC-42A3-9474-1A3956D46DE8}") = "Dinners", "Dinners", "{202D7C68-4157-4BED-AD10-39B0FA8A1939}"
	ProjectSection(SolutionItems) = preProject
		Requests\Dinners\ListDinners.http = Requests\Dinners\ListDinners.http
	EndProjectSection
EndProject
Project("{2150E333-8FDC-42A3-9474-1A3956D46DE8}") = "DomainModels", "DomainModels", "{230D540D-03E8-4BD8-A7B3-4C767D75189E}"
	ProjectSection(SolutionItems) = preProject
		Docs\DomainModels\Aggregates.Menu.md = Docs\DomainModels\Aggregates.Menu.md
	EndProjectSection
EndProject
Project("{2150E333-8FDC-42A3-9474-1A3956D46DE8}") = "Api", "Api", "{EBD02F76-A782-4078-8574-FF4061EA4EA2}"
	ProjectSection(SolutionItems) = preProject
		Docs\Api\Api.Auth.md = Docs\Api\Api.Auth.md
		Docs\Api\Api.Menu.md = Docs\Api\Api.Menu.md
		Docs\Api\DomainModels.md = Docs\Api\DomainModels.md
	EndProjectSection
EndProject
Project("{2150E333-8FDC-42A3-9474-1A3956D46DE8}") = "Menus", "Menus", "{70126344-D388-4884-9A6D-3C06566B3F14}"
	ProjectSection(SolutionItems) = preProject
		Requests\Menus\CreateMenu.http = Requests\Menus\CreateMenu.http
	EndProjectSection
EndProject
Global
	GlobalSection(SolutionConfigurationPlatforms) = preSolution
		Debug|Any CPU = Debug|Any CPU
		Release|Any CPU = Release|Any CPU
	EndGlobalSection
	GlobalSection(ProjectConfigurationPlatforms) = postSolution
		{DB54C816-94D8-4F60-B50F-53263F369A32}.Debug|Any CPU.ActiveCfg = Debug|Any CPU
		{DB54C816-94D8-4F60-B50F-53263F369A32}.Debug|Any CPU.Build.0 = Debug|Any CPU
		{DB54C816-94D8-4F60-B50F-53263F369A32}.Release|Any CPU.ActiveCfg = Release|Any CPU
		{DB54C816-94D8-4F60-B50F-53263F369A32}.Release|Any CPU.Build.0 = Release|Any CPU
		{C16A3F6B-C13A-4422-A59C-872799FD9DE8}.Debug|Any CPU.ActiveCfg = Debug|Any CPU
		{C16A3F6B-C13A-4422-A59C-872799FD9DE8}.Debug|Any CPU.Build.0 = Debug|Any CPU
		{C16A3F6B-C13A-4422-A59C-872799FD9DE8}.Release|Any CPU.ActiveCfg = Release|Any CPU
		{C16A3F6B-C13A-4422-A59C-872799FD9DE8}.Release|Any CPU.Build.0 = Release|Any CPU
		{C0E7F6AB-D6A8-4E42-9972-673365B1C920}.Debug|Any CPU.ActiveCfg = Debug|Any CPU
		{C0E7F6AB-D6A8-4E42-9972-673365B1C920}.Debug|Any CPU.Build.0 = Debug|Any CPU
		{C0E7F6AB-D6A8-4E42-9972-673365B1C920}.Release|Any CPU.ActiveCfg = Release|Any CPU
		{C0E7F6AB-D6A8-4E42-9972-673365B1C920}.Release|Any CPU.Build.0 = Release|Any CPU
		{FEAF349A-F938-453D-8F35-81698131A71C}.Debug|Any CPU.ActiveCfg = Debug|Any CPU
		{FEAF349A-F938-453D-8F35-81698131A71C}.Debug|Any CPU.Build.0 = Debug|Any CPU
		{FEAF349A-F938-453D-8F35-81698131A71C}.Release|Any CPU.ActiveCfg = Release|Any CPU
		{FEAF349A-F938-453D-8F35-81698131A71C}.Release|Any CPU.Build.0 = Release|Any CPU
		{973ACC17-567F-4A54-B1F9-B1201C3358F4}.Debug|Any CPU.ActiveCfg = Debug|Any CPU
		{973ACC17-567F-4A54-B1F9-B1201C3358F4}.Debug|Any CPU.Build.0 = Debug|Any CPU
		{973ACC17-567F-4A54-B1F9-B1201C3358F4}.Release|Any CPU.ActiveCfg = Release|Any CPU
		{973ACC17-567F-4A54-B1F9-B1201C3358F4}.Release|Any CPU.Build.0 = Release|Any CPU
	EndGlobalSection
	GlobalSection(SolutionProperties) = preSolution
		HideSolutionNode = FALSE
	EndGlobalSection
	GlobalSection(NestedProjects) = preSolution
		{4AC2DBC6-80A6-4324-8C31-FC015FCBCC3F} = {EA8F578F-C6AC-4EC2-9E38-D6AF31169C1A}
		{202D7C68-4157-4BED-AD10-39B0FA8A1939} = {EA8F578F-C6AC-4EC2-9E38-D6AF31169C1A}
		{230D540D-03E8-4BD8-A7B3-4C767D75189E} = {A9B18C6A-D7E1-4D84-8F07-CABCD1902281}
		{EBD02F76-A782-4078-8574-FF4061EA4EA2} = {A9B18C6A-D7E1-4D84-8F07-CABCD1902281}
		{70126344-D388-4884-9A6D-3C06566B3F14} = {EA8F578F-C6AC-4EC2-9E38-D6AF31169C1A}
	EndGlobalSection
	GlobalSection(ExtensibilityGlobals) = postSolution
		SolutionGuid = {E8EC05AC-D996-45FD-A7CF-2B38B2463746}
	EndGlobalSection
EndGlobal
